
Microsoft Visual Studio Solution File, Format Version 12.00
# Visual Studio Version 17
VisualStudioVersion = 17.9.34321.82
MinimumVisualStudioVersion = 10.0.40219.1
Project("{FAE04EC0-301F-11D3-BF4B-00C04F79EFBC}") = "ConsoleApp17", "ConsoleApp17\ConsoleApp17.csproj", "{374B5CFE-EA3E-43AD-916F-78B7006F602E}"
EndProject
Global
	GlobalSection(SolutionConfigurationPlatforms) = preSolution
		Debug|Any CPU = Debug|Any CPU
		Release|Any CPU = Release|Any CPU
	EndGlobalSection
	GlobalSection(ProjectConfigurationPlatforms) = postSolution
		{374B5CFE-EA3E-43AD-916F-78B7006F602E}.Debug|Any CPU.ActiveCfg = Debug|Any CPU
		{374B5CFE-EA3E-43AD-916F-78B7006F602E}.Debug|Any CPU.Build.0 = Debug|Any CPU
		{374B5CFE-EA3E-43AD-916F-78B7006F602E}.Release|Any CPU.ActiveCfg = Release|Any CPU
		{374B5CFE-EA3E-43AD-916F-78B7006F602E}.Release|Any CPU.Build.0 = Release|Any CPU
	EndGlobalSection
	GlobalSection(SolutionProperties) = preSolution
		HideSolutionNode = FALSE
	EndGlobalSection
	GlobalSection(ExtensibilityGlobals) = postSolution
		SolutionGuid = {8E21EB30-4FBF-49D4-9578-890CC862F0B8}
	EndGlobalSection
EndGlobal
